
Microsoft Visual Studio Solution File, Format Version 12.00
# Visual Studio Version 16
VisualStudioVersion = 16.0.30225.117
MinimumVisualStudioVersion = 10.0.40219.1
Project("{2150E333-8FDC-42A3-9474-1A3956D46DE8}") = "Build", "Build", "{FF0A40AA-C34C-48C0-8F70-6CD296543A74}"
	ProjectSection(SolutionItems) = preProject
		build\build.ps1 = build\build.ps1
		build\test.ps1 = build\test.ps1
	EndProjectSection
EndProject
Project("{2150E333-8FDC-42A3-9474-1A3956D46DE8}") = "Solution Items", "Solution Items", "{FA3E0CEE-D0BB-4090-908A-B35407EB03FB}"
	ProjectSection(SolutionItems) = preProject
		.gitignore = .gitignore
		appveyor.yml = appveyor.yml
		global.json = global.json
		LICENSE = LICENSE
	EndProjectSection
EndProject
Project("{2150E333-8FDC-42A3-9474-1A3956D46DE8}") = "Tests", "Tests", "{B362E05F-9DDD-4AC2-918D-29C492B2540F}"
EndProject
Project("{FAE04EC0-301F-11D3-BF4B-00C04F79EFBC}") = "DatabaseDictionary.SqlServer.Tests", "test\DatabaseDictionary.SqlServer.Tests\DatabaseDictionary.SqlServer.Tests.csproj", "{406EF3DB-B55E-4639-9EB2-CAE76EAFF06B}"
EndProject
Project("{9A19103F-16F7-4668-BE54-9A1E7A4F7556}") = "DatabaseDictionary.SqlServer", "src\DatabaseDictionary.SqlServer\DatabaseDictionary.SqlServer.csproj", "{1467B713-CDDC-4E0E-B538-4A50A21797AF}"
EndProject
Global
	GlobalSection(SolutionConfigurationPlatforms) = preSolution
		Debug|Any CPU = Debug|Any CPU
		Release|Any CPU = Release|Any CPU
	EndGlobalSection
	GlobalSection(ProjectConfigurationPlatforms) = postSolution
		{406EF3DB-B55E-4639-9EB2-CAE76EAFF06B}.Debug|Any CPU.ActiveCfg = Debug|Any CPU
		{406EF3DB-B55E-4639-9EB2-CAE76EAFF06B}.Debug|Any CPU.Build.0 = Debug|Any CPU
		{406EF3DB-B55E-4639-9EB2-CAE76EAFF06B}.Release|Any CPU.ActiveCfg = Release|Any CPU
		{406EF3DB-B55E-4639-9EB2-CAE76EAFF06B}.Release|Any CPU.Build.0 = Release|Any CPU
		{1467B713-CDDC-4E0E-B538-4A50A21797AF}.Debug|Any CPU.ActiveCfg = Debug|Any CPU
		{1467B713-CDDC-4E0E-B538-4A50A21797AF}.Debug|Any CPU.Build.0 = Debug|Any CPU
		{1467B713-CDDC-4E0E-B538-4A50A21797AF}.Release|Any CPU.ActiveCfg = Release|Any CPU
		{1467B713-CDDC-4E0E-B538-4A50A21797AF}.Release|Any CPU.Build.0 = Release|Any CPU
	EndGlobalSection
	GlobalSection(SolutionProperties) = preSolution
		HideSolutionNode = FALSE
	EndGlobalSection
	GlobalSection(NestedProjects) = preSolution
		{406EF3DB-B55E-4639-9EB2-CAE76EAFF06B} = {B362E05F-9DDD-4AC2-918D-29C492B2540F}
	EndGlobalSection
	GlobalSection(ExtensibilityGlobals) = postSolution
		SolutionGuid = {9E207F74-40AF-4F24-8E43-58C82010CA80}
	EndGlobalSection
EndGlobal
